// !$*UTF8*$!
{
	archiveVersion = 1;
	classes = {
	};
	objectVersion = 50;
	objects = {

/* Begin PBXBuildFile section */
		1411269B22CDE2EA00CEAB10 /* AppDelegate.m in Sources */ = {isa = PBXBuildFile; fileRef = 1411269A22CDE2EA00CEAB10 /* AppDelegate.m */; };
		1411269E22CDE2EA00CEAB10 /* ViewController.m in Sources */ = {isa = PBXBuildFile; fileRef = 1411269D22CDE2EA00CEAB10 /* ViewController.m */; };
		141126A122CDE2EA00CEAB10 /* Main.storyboard in Resources */ = {isa = PBXBuildFile; fileRef = 1411269F22CDE2EA00CEAB10 /* Main.storyboard */; };
		141126A322CDE2EF00CEAB10 /* Assets.xcassets in Resources */ = {isa = PBXBuildFile; fileRef = 141126A222CDE2EF00CEAB10 /* Assets.xcassets */; };
		141126A622CDE2EF00CEAB10 /* LaunchScreen.storyboard in Resources */ = {isa = PBXBuildFile; fileRef = 141126A422CDE2EF00CEAB10 /* LaunchScreen.storyboard */; };
		141126A922CDE2EF00CEAB10 /* main.m in Sources */ = {isa = PBXBuildFile; fileRef = 141126A822CDE2EF00CEAB10 /* main.m */; };
/* End PBXBuildFile section */

/* Begin PBXFileReference section */
		1411269622CDE2EA00CEAB10 /* KWResourceLoaderDemo.app */ = {isa = PBXFileReference; explicitFileType = wrapper.application; includeInIndex = 0; path = KWResourceLoaderDemo.app; sourceTree = BUILT_PRODUCTS_DIR; };
		1411269922CDE2EA00CEAB10 /* AppDelegate.h */ = {isa = PBXFileReference; lastKnownFileType = sourcecode.c.h; path = AppDelegate.h; sourceTree = "<group>"; };
		1411269A22CDE2EA00CEAB10 /* AppDelegate.m */ = {isa = PBXFileReference; lastKnownFileType = sourcecode.c.objc; path = AppDelegate.m; sourceTree = "<group>"; };
		1411269C22CDE2EA00CEAB10 /* ViewController.h */ = {isa = PBXFileReference; lastKnownFileType = sourcecode.c.h; path = ViewController.h; sourceTree = "<group>"; };
		1411269D22CDE2EA00CEAB10 /* ViewController.m */ = {isa = PBXFileReference; lastKnownFileType = sourcecode.c.objc; path = ViewController.m; sourceTree = "<group>"; };
		141126A022CDE2EA00CEAB10 /* Base */ = {isa = PBXFileReference; lastKnownFileType = file.storyboard; name = Base; path = Base.lproj/Main.storyboard; sourceTree = "<group>"; };
		141126A222CDE2EF00CEAB10 /* Assets.xcassets */ = {isa = PBXFileReference; lastKnownFileType = folder.assetcatalog; path = Assets.xcassets; sourceTree = "<group>"; };
		141126A522CDE2EF00CEAB10 /* Base */ = {isa = PBXFileReference; lastKnownFileType = file.storyboard; name = Base; path = Base.lproj/LaunchScreen.storyboard; sourceTree = "<group>"; };
		141126A722CDE2EF00CEAB10 /* Info.plist */ = {isa = PBXFileReference; lastKnownFileType = text.plist.xml; path = Info.plist; sourceTree = "<group>"; };
		141126A822CDE2EF00CEAB10 /* main.m */ = {isa = PBXFileReference; lastKnownFileType = sourcecode.c.objc; path = main.m; sourceTree = "<group>"; };
/* End PBXFileReference section */

/* Begin PBXFrameworksBuildPhase section */
		1411269322CDE2EA00CEAB10 /* Frameworks */ = {
			isa = PBXFrameworksBuildPhase;
			buildActionMask = 2147483647;
			files = (
			);
			runOnlyForDeploymentPostprocessing = 0;
		};
/* End PBXFrameworksBuildPhase section */

/* Begin PBXGroup section */
		1411268D22CDE2EA00CEAB10 = {
			isa = PBXGroup;
			children = (
				1411269822CDE2EA00CEAB10 /* KWResourceLoaderDemo */,
				1411269722CDE2EA00CEAB10 /* Products */,
			);
			sourceTree = "<group>";
		};
		1411269722CDE2EA00CEAB10 /* Products */ = {
			isa = PBXGroup;
			children = (
				1411269622CDE2EA00CEAB10 /* KWResourceLoaderDemo.app */,
			);
			name = Products;
			sourceTree = "<group>";
		};
		1411269822CDE2EA00CEAB10 /* KWResourceLoaderDemo */ = {
			isa = PBXGroup;
			children = (
				1411269922CDE2EA00CEAB10 /* AppDelegate.h */,
				1411269A22CDE2EA00CEAB10 /* AppDelegate.m */,
				1411269C22CDE2EA00CEAB10 /* ViewController.h */,
				1411269D22CDE2EA00CEAB10 /* ViewController.m */,
				1411269F22CDE2EA00CEAB10 /* Main.storyboard */,
				141126A222CDE2EF00CEAB10 /* Assets.xcassets */,
				141126A422CDE2EF00CEAB10 /* LaunchScreen.storyboard */,
				141126A722CDE2EF00CEAB10 /* Info.plist */,
				141126A822CDE2EF00CEAB10 /* main.m */,
			);
			path = KWResourceLoaderDemo;
			sourceTree = "<group>";
		};
/* End PBXGroup section */

/* Begin PBXNativeTarget section */
		1411269522CDE2EA00CEAB10 /* KWResourceLoaderDemo */ = {
			isa = PBXNativeTarget;
			buildConfigurationList = 141126AC22CDE2EF00CEAB10 /* Build configuration list for PBXNativeTarget "KWResourceLoaderDemo" */;
			buildPhases = (
				1411269222CDE2EA00CEAB10 /* Sources */,
				1411269322CDE2EA00CEAB10 /* Frameworks */,
				1411269422CDE2EA00CEAB10 /* Resources */,
			);
			buildRules = (
			);
			dependencies = (
			);
			name = KWResourceLoaderDemo;
			productName = KWResourceLoaderDemo;
			productReference = 1411269622CDE2EA00CEAB10 /* KWResourceLoaderDemo.app */;
			productType = "com.apple.product-type.application";
		};
/* End PBXNativeTarget section */

/* Begin PBXProject section */
		1411268E22CDE2EA00CEAB10 /* Project object */ = {
			isa = PBXProject;
			attributes = {
				LastUpgradeCheck = 1020;
				ORGANIZATIONNAME = "NanjingYunWo technology co.LTD";
				TargetAttributes = {
					1411269522CDE2EA00CEAB10 = {
						CreatedOnToolsVersion = 10.2.1;
					};
				};
			};
			buildConfigurationList = 1411269122CDE2EA00CEAB10 /* Build configuration list for PBXProject "KWResourceLoaderDemo" */;
			compatibilityVersion = "Xcode 9.3";
			developmentRegion = en;
			hasScannedForEncodings = 0;
			knownRegions = (
				en,
				Base,
			);
			mainGroup = 1411268D22CDE2EA00CEAB10;
			productRefGroup = 1411269722CDE2EA00CEAB10 /* Products */;
			projectDirPath = "";
			projectRoot = "";
			targets = (
				1411269522CDE2EA00CEAB10 /* KWResourceLoaderDemo */,
			);
		};
/* End PBXProject section */

/* Begin PBXResourcesBuildPhase section */
		1411269422CDE2EA00CEAB10 /* Resources */ = {
			isa = PBXResourcesBuildPhase;
			buildActionMask = 2147483647;
			files = (
				141126A622CDE2EF00CEAB10 /* LaunchScreen.storyboard in Resources */,
				141126A322CDE2EF00CEAB10 /* Assets.xcassets in Resources */,
				141126A122CDE2EA00CEAB10 /* Main.storyboard in Resources */,
			);
			runOnlyForDeploymentPostprocessing = 0;
		};
/* End PBXResourcesBuildPhase section */

/* Begin PBXSourcesBuildPhase section */
		1411269222CDE2EA00CEAB10 /* Sources */ = {
			isa = PBXSourcesBuildPhase;
			buildActionMask = 2147483647;
			files = (
				1411269E22CDE2EA00CEAB10 /* ViewController.m in Sources */,
				141126A922CDE2EF00CEAB10 /* main.m in Sources */,
				1411269B22CDE2EA00CEAB10 /* AppDelegate.m in Sources */,
			);
			runOnlyForDeploymentPostprocessing = 0;
		};
/* End PBXSourcesBuildPhase section */

/* Begin PBXVariantGroup section */
		1411269F22CDE2EA00CEAB10 /* Main.storyboard */ = {
			isa = PBXVariantGroup;
			children = (
				141126A022CDE2EA00CEAB10 /* Base */,
			);
			name = Main.storyboard;
			sourceTree = "<group>";
		};
		141126A422CDE2EF00CEAB10 /* LaunchScreen.storyboard */ = {
			isa = PBXVariantGroup;
			children = (
				141126A522CDE2EF00CEAB10 /* Base */,
			);
			name = LaunchScreen.storyboard;
			sourceTree = "<group>";
		};
/* End PBXVariantGroup section */

/* Begin XCBuildConfiguration section */
		141126AA22CDE2EF00CEAB10 /* Debug */ = {
			isa = XCBuildConfiguration;
			buildSettings = {
				ALWAYS_SEARCH_USER_PATHS = NO;
				CLANG_ANALYZER_NONNULL = YES;
				CLANG_ANALYZER_NUMBER_OBJECT_CONVERSION = YES_AGGRESSIVE;
				CLANG_CXX_LANGUAGE_STANDARD = "gnu++14";
				CLANG_CXX_LIBRARY = "libc++";
				CLANG_ENABLE_MODULES = YES;
				CLANG_ENABLE_OBJC_ARC = YES;
				CLANG_ENABLE_OBJC_WEAK = YES;
				CLANG_WARN_BLOCK_CAPTURE_AUTORELEASING = YES;
				CLANG_WARN_BOOL_CONVERSION = YES;
				CLANG_WARN_COMMA = YES;
				CLANG_WARN_CONSTANT_CONVERSION = YES;
				CLANG_WARN_DEPRECATED_OBJC_IMPLEMENTATIONS = YES;
				CLANG_WARN_DIRECT_OBJC_ISA_USAGE = YES_ERROR;
				CLANG_WARN_DOCUMENTATION_COMMENTS = YES;
				CLANG_WARN_EMPTY_BODY = YES;
				CLANG_WARN_ENUM_CONVERSION = YES;
				CLANG_WARN_INFINITE_RECURSION = YES;
				CLANG_WARN_INT_CONVERSION = YES;
				CLANG_WARN_NON_LITERAL_NULL_CONVERSION = YES;
				CLANG_WARN_OBJC_IMPLICIT_RETAIN_SELF = YES;
				CLANG_WARN_OBJC_LITERAL_CONVERSION = YES;
				CLANG_WARN_OBJC_ROOT_CLASS = YES_ERROR;
				CLANG_WARN_RANGE_LOOP_ANALYSIS = YES;
				CLANG_WARN_STRICT_PROTOTYPES = YES;
				CLANG_WARN_SUSPICIOUS_MOVE = YES;
				CLANG_WARN_UNGUARDED_AVAILABILITY = YES_AGGRESSIVE;
				CLANG_WARN_UNREACHABLE_CODE = YES;
				CLANG_WARN__DUPLICATE_METHOD_MATCH = YES;
				CODE_SIGN_IDENTITY = "iPhone Developer";
				COPY_PHASE_STRIP = NO;
				DEBUG_INFORMATION_FORMAT = dwarf;
				ENABLE_STRICT_OBJC_MSGSEND = YES;
				ENABLE_TESTABILITY = YES;
				GCC_C_LANGUAGE_STANDARD = gnu11;
				GCC_DYNAMIC_NO_PIC = NO;
				GCC_NO_COMMON_BLOCKS = YES;
				GCC_OPTIMIZATION_LEVEL = 0;
				GCC_PREPROCESSOR_DEFINITIONS = (
					"DEBUG=1",
					"$(inherited)",
				);
				GCC_WARN_64_TO_32_BIT_CONVERSION = YES;
				GCC_WARN_ABOUT_RETURN_TYPE = YES_ERROR;
				GCC_WARN_UNDECLARED_SELECTOR = YES;
				GCC_WARN_UNINITIALIZED_AUTOS = YES_AGGRESSIVE;
				GCC_WARN_UNUSED_FUNCTION = YES;
				GCC_WARN_UNUSED_VARIABLE = YES;
				IPHONEOS_DEPLOYMENT_TARGET = 12.2;
				MTL_ENABLE_DEBUG_INFO = INCLUDE_SOURCE;
				MTL_FAST_MATH = YES;
				ONLY_ACTIVE_ARCH = YES;
				SDKROOT = iphoneos;
			};
			name = Debug;
		};
		141126AB22CDE2EF00CEAB10 /* Release */ = {
			isa = XCBuildConfiguration;
			buildSettings = {
				ALWAYS_SEARCH_USER_PATHS = NO;
				CLANG_ANALYZER_NONNULL = YES;
				CLANG_ANALYZER_NUMBER_OBJECT_CONVERSION = YES_AGGRESSIVE;
				CLANG_CXX_LANGUAGE_STANDARD = "gnu++14";
				CLANG_CXX_LIBRARY = "libc++";
				CLANG_ENABLE_MODULES = YES;
				CLANG_ENABLE_OBJC_ARC = YES;
				CLANG_ENABLE_OBJC_WEAK = YES;
				CLANG_WARN_BLOCK_CAPTURE_AUTORELEASING = YES;
				CLANG_WARN_BOOL_CONVERSION = YES;
				CLANG_WARN_COMMA = YES;
				CLANG_WARN_CONSTANT_CONVERSION = YES;
				CLANG_WARN_DEPRECATED_OBJC_IMPLEMENTATIONS = YES;
				CLANG_WARN_DIRECT_OBJC_ISA_USAGE = YES_ERROR;
				CLANG_WARN_DOCUMENTATION_COMMENTS = YES;
				CLANG_WARN_EMPTY_BODY = YES;
				CLANG_WARN_ENUM_CONVERSION = YES;
				CLANG_WARN_INFINITE_RECURSION = YES;
				CLANG_WARN_INT_CONVERSION = YES;
				CLANG_WARN_NON_LITERAL_NULL_CONVERSION = YES;
				CLANG_WARN_OBJC_IMPLICIT_RETAIN_SELF = YES;
				CLANG_WARN_OBJC_LITERAL_CONVERSION = YES;
				CLANG_WARN_OBJC_ROOT_CLASS = YES_ERROR;
				CLANG_WARN_RANGE_LOOP_ANALYSIS = YES;
				CLANG_WARN_STRICT_PROTOTYPES = YES;
				CLANG_WARN_SUSPICIOUS_MOVE = YES;
				CLANG_WARN_UNGUARDED_AVAILABILITY = YES_AGGRESSIVE;
				CLANG_WARN_UNREACHABLE_CODE = YES;
				CLANG_WARN__DUPLICATE_METHOD_MATCH = YES;
				CODE_SIGN_IDENTITY = "iPhone Developer";
				COPY_PHASE_STRIP = NO;
				DEBUG_INFORMATION_FORMAT = "dwarf-with-dsym";
				ENABLE_NS_ASSERTIONS = NO;
				ENABLE_STRICT_OBJC_MSGSEND = YES;
				GCC_C_LANGUAGE_STANDARD = gnu11;
				GCC_NO_COMMON_BLOCKS = YES;
				GCC_WARN_64_TO_32_BIT_CONVERSION = YES;
				GCC_WARN_ABOUT_RETURN_TYPE = YES_ERROR;
				GCC_WARN_UNDECLARED_SELECTOR = YES;
				GCC_WARN_UNINITIALIZED_AUTOS = YES_AGGRESSIVE;
				GCC_WARN_UNUSED_FUNCTION = YES;
				GCC_WARN_UNUSED_VARIABLE = YES;
				IPHONEOS_DEPLOYMENT_TARGET = 12.2;
				MTL_ENABLE_DEBUG_INFO = NO;
				MTL_FAST_MATH = YES;
				SDKROOT = iphoneos;
				VALIDATE_PRODUCT = YES;
			};
			name = Release;
		};
		141126AD22CDE2EF00CEAB10 /* Debug */ = {
			isa = XCBuildConfiguration;
			buildSettings = {
				ASSETCATALOG_COMPILER_APPICON_NAME = AppIcon;
				CODE_SIGN_STYLE = Automatic;
				DEVELOPMENT_TEAM = 5V9XKRUWLE;
				INFOPLIST_FILE = KWResourceLoaderDemo/Info.plist;
				LD_RUNPATH_SEARCH_PATHS = (
					"$(inherited)",
					"@executable_path/Frameworks",
				);
				PRODUCT_BUNDLE_IDENTIFIER = xukaiwei.KWResourceLoaderDemo;
				PRODUCT_NAME = "$(TARGET_NAME)";
				TARGETED_DEVICE_FAMILY = "1,2";
			};
			name = Debug;
		};
		141126AE22CDE2EF00CEAB10 /* Release */ = {
			isa = XCBuildConfiguration;
			buildSettings = {
				ASSETCATALOG_COMPILER_APPICON_NAME = AppIcon;
				CODE_SIGN_STYLE = Automatic;
				DEVELOPMENT_TEAM = 5V9XKRUWLE;
				INFOPLIST_FILE = KWResourceLoaderDemo/Info.plist;
				LD_RUNPATH_SEARCH_PATHS = (
					"$(inherited)",
					"@executable_path/Frameworks",
				);
				PRODUCT_BUNDLE_IDENTIFIER = xukaiwei.KWResourceLoaderDemo;
				PRODUCT_NAME = "$(TARGET_NAME)";
				TARGETED_DEVICE_FAMILY = "1,2";
			};
			name = Release;
		};
/* End XCBuildConfiguration section */

/* Begin XCConfigurationList section */
		1411269122CDE2EA00CEAB10 /* Build configuration list for PBXProject "KWResourceLoaderDemo" */ = {
			isa = XCConfigurationList;
			buildConfigurations = (
				141126AA22CDE2EF00CEAB10 /* Debug */,
				141126AB22CDE2EF00CEAB10 /* Release */,
			);
			defaultConfigurationIsVisible = 0;
			defaultConfigurationName = Release;
		};
		141126AC22CDE2EF00CEAB10 /* Build configuration list for PBXNativeTarget "KWResourceLoaderDemo" */ = {
			isa = XCConfigurationList;
			buildConfigurations = (
				141126AD22CDE2EF00CEAB10 /* Debug */,
				141126AE22CDE2EF00CEAB10 /* Release */,
			);
			defaultConfigurationIsVisible = 0;
			defaultConfigurationName = Release;
		};
/* End XCConfigurationList section */
	};
	rootObject = 1411268E22CDE2EA00CEAB10 /* Project object */;
}
